PODS:
  - M13ProgressSuite (1.2.9)
  - OHQBImagePicker (1.0.12)
  - TRReverse (0.1.7)

DEPENDENCIES:
  - M13ProgressSuite
  - OHQBImagePicker
  - TRReverse (from `../`)

SPEC REPOS:
  https://github.com/cocoapods/specs.git:
    - M13ProgressSuite
    - OHQBImagePicker

EXTERNAL SOURCES:
  TRReverse:
    :path: "../"

SPEC CHECKSUMS:
  M13ProgressSuite: ea9f7263e73e9215e6849dfa54e29ee0ad6a145c
  OHQBImagePicker: d2fe82bf7c968365c699962be76e13265f1f6d42
  TRReverse: 22f6eff294ea99aed4faa319cdce8ce90e99b4bf

PODFILE CHECKSUM: f671459d8628b504abec4f2990a3419ce7fbb648

COCOAPODS: 1.5.3
